schema: '2.0'
stages:
  prep:
    cmd: python ./src/income-prediction/__main__.py prep --config 
      cfg/preprocessing.yml
    deps:
    - path: ./src/income-prediction/__main__.py
      hash: md5
      md5: 3820f7de9ab241d1b3705fa6433896fa
      size: 6734
    params:
      cfg/preprocessing.yml:
        data: census-income-clean:latest
        random-seed: 2265900127
        test-size: 0.2
    outs:
    - path: ./src/income-prediction/data/metrics.yml
      hash: md5
      md5: 05dcce5172792b4a14a45c6305c1b4a5
      size: 46
    - path: ./src/income-prediction/data/test.csv
      hash: md5
      md5: cef09644ca0e6f7e1b6597632de0ec39
      size: 694080
    - path: ./src/income-prediction/data/train.csv
      hash: md5
      md5: c8142f618f66b67405e7877b07103456
      size: 2770026
  train:
    cmd: python ./src/income-prediction/__main__.py train --config 
      cfg/training.yml
    deps:
    - path: ./src/income-prediction/__main__.py
      hash: md5
      md5: 7e96a75b3838a2f9d6b861d45b62e54e
      size: 8172
    - path: ./src/income-prediction/model.py
      hash: md5
      md5: 397f558d01ec3c4cd64b19a7500adc48
      size: 7502
    params:
      cfg/training.yml:
        data: census-income-split:reference
        random-forest-classifier:
          n_estimators: 275
          criterion: gini
          max_depth: 100
          min_samples_split: 2
          min_samples_leaf: 1
          min_weight_fraction_leaf: 0.0
          max_features: 10
          max_leaf_nodes:
          min_impurity_decrease: 0.0
          bootstrap: true
          oob_score: false
          n_jobs: -1
          verbose: 0
          ccp_alpha: 0.0
          max_samples:
        random-seed: 2265900127
    outs:
    - path: ./src/income-prediction/model/metrics.yml
      hash: md5
      md5: 1c2cbb5723a1c1db27cefe534f1798f0
      size: 87
    - path: ./src/income-prediction/model/model.joblib
      hash: md5
      md5: d807ad6407a20a156c9cce546f050110
      size: 204050026
